
Microsoft Visual Studio Solution File, Format Version 12.00
# Visual Studio Version 17
VisualStudioVersion = 17.5.002.0
MinimumVisualStudioVersion = 10.0.40219.1
Project("{9A19103F-16F7-4668-BE54-9A1E7A4F7556}") = "uyg05_IdentityApp", "uyg05_IdentityApp.csproj", "{F8D443C2-C24B-4AAE-A48D-B58C3FB12CB0}"
EndProject
Global
	GlobalSection(SolutionConfigurationPlatforms) = preSolution
		Debug|Any CPU = Debug|Any CPU
		Release|Any CPU = Release|Any CPU
	EndGlobalSection
	GlobalSection(ProjectConfigurationPlatforms) = postSolution
		{F8D443C2-C24B-4AAE-A48D-B58C3FB12CB0}.Debug|Any CPU.ActiveCfg = Debug|Any CPU
		{F8D443C2-C24B-4AAE-A48D-B58C3FB12CB0}.Debug|Any CPU.Build.0 = Debug|Any CPU
		{F8D443C2-C24B-4AAE-A48D-B58C3FB12CB0}.Release|Any CPU.ActiveCfg = Release|Any CPU
		{F8D443C2-C24B-4AAE-A48D-B58C3FB12CB0}.Release|Any CPU.Build.0 = Release|Any CPU
	EndGlobalSection
	GlobalSection(SolutionProperties) = preSolution
		HideSolutionNode = FALSE
	EndGlobalSection
	GlobalSection(ExtensibilityGlobals) = postSolution
		SolutionGuid = {D9F7BC93-8393-44F1-879F-46F3399FF5AE}
	EndGlobalSection
EndGlobal
